
Microsoft Visual Studio Solution File, Format Version 12.00
# Visual Studio Version 16
VisualStudioVersion = 16.0.29926.136
MinimumVisualStudioVersion = 10.0.40219.1
Project("{FAE04EC0-301F-11D3-BF4B-00C04F79EFBC}") = "P3Lab3", "P3Lab3\P3Lab3.csproj", "{3872D9C0-33B4-4AD9-AB2D-271115C507BD}"
EndProject
Global
	GlobalSection(SolutionConfigurationPlatforms) = preSolution
		Debug|Any CPU = Debug|Any CPU
		Release|Any CPU = Release|Any CPU
	EndGlobalSection
	GlobalSection(ProjectConfigurationPlatforms) = postSolution
		{3872D9C0-33B4-4AD9-AB2D-271115C507BD}.Debug|Any CPU.ActiveCfg = Debug|Any CPU
		{3872D9C0-33B4-4AD9-AB2D-271115C507BD}.Debug|Any CPU.Build.0 = Debug|Any CPU
		{3872D9C0-33B4-4AD9-AB2D-271115C507BD}.Release|Any CPU.ActiveCfg = Release|Any CPU
		{3872D9C0-33B4-4AD9-AB2D-271115C507BD}.Release|Any CPU.Build.0 = Release|Any CPU
	EndGlobalSection
	GlobalSection(SolutionProperties) = preSolution
		HideSolutionNode = FALSE
	EndGlobalSection
	GlobalSection(ExtensibilityGlobals) = postSolution
		SolutionGuid = {647E85D1-5664-4E85-B6E1-500B54E11491}
	EndGlobalSection
EndGlobal
